
Microsoft Visual Studio Solution File, Format Version 12.00
# Visual Studio 15
VisualStudioVersion = 15.0.28010.2036
MinimumVisualStudioVersion = 10.0.40219.1
Project("{FAE04EC0-301F-11D3-BF4B-00C04F79EFBC}") = "Demo", "Demo\Demo.csproj", "{3DDBCA3F-AB4C-4C4B-B6F6-D454E90730DB}"
EndProject
Global
	GlobalSection(SolutionConfigurationPlatforms) = preSolution
		Debug|Any CPU = Debug|Any CPU
		Release|Any CPU = Release|Any CPU
	EndGlobalSection
	GlobalSection(ProjectConfigurationPlatforms) = postSolution
		{3DDBCA3F-AB4C-4C4B-B6F6-D454E90730DB}.Debug|Any CPU.ActiveCfg = Debug|Any CPU
		{3DDBCA3F-AB4C-4C4B-B6F6-D454E90730DB}.Debug|Any CPU.Build.0 = Debug|Any CPU
		{3DDBCA3F-AB4C-4C4B-B6F6-D454E90730DB}.Release|Any CPU.ActiveCfg = Release|Any CPU
		{3DDBCA3F-AB4C-4C4B-B6F6-D454E90730DB}.Release|Any CPU.Build.0 = Release|Any CPU
	EndGlobalSection
	GlobalSection(SolutionProperties) = preSolution
		HideSolutionNode = FALSE
	EndGlobalSection
	GlobalSection(ExtensibilityGlobals) = postSolution
		SolutionGuid = {729CA71F-F9D6-4B78-A0FC-0B46BF86A86E}
	EndGlobalSection
EndGlobal
